
Microsoft Visual Studio Solution File, Format Version 12.00
# Visual Studio Version 16
VisualStudioVersion = 16.0.32413.511
MinimumVisualStudioVersion = 10.0.40219.1
Project("{FAE04EC0-301F-11D3-BF4B-00C04F79EFBC}") = "emp_totalWorkCondition", "emp_totalWorkCondition\emp_totalWorkCondition.csproj", "{B076A536-3866-45A7-91BF-99A5DCADA239}"
EndProject
Global
	GlobalSection(SolutionConfigurationPlatforms) = preSolution
		Debug|Any CPU = Debug|Any CPU
		Release|Any CPU = Release|Any CPU
	EndGlobalSection
	GlobalSection(ProjectConfigurationPlatforms) = postSolution
		{B076A536-3866-45A7-91BF-99A5DCADA239}.Debug|Any CPU.ActiveCfg = Debug|Any CPU
		{B076A536-3866-45A7-91BF-99A5DCADA239}.Debug|Any CPU.Build.0 = Debug|Any CPU
		{B076A536-3866-45A7-91BF-99A5DCADA239}.Release|Any CPU.ActiveCfg = Release|Any CPU
		{B076A536-3866-45A7-91BF-99A5DCADA239}.Release|Any CPU.Build.0 = Release|Any CPU
	EndGlobalSection
	GlobalSection(SolutionProperties) = preSolution
		HideSolutionNode = FALSE
	EndGlobalSection
	GlobalSection(ExtensibilityGlobals) = postSolution
		SolutionGuid = {786A2853-BF0A-408F-861E-3D3575598798}
	EndGlobalSection
EndGlobal
